// !$*UTF8*$!
{
	archiveVersion = 1;
	classes = {
	};
	objectVersion = 55;
	objects = {

/* Begin PBXBuildFile section */
		8F2B93C52B0F74E4004B594D /* UserDefaltClass.swift in Sources */ = {isa = PBXBuildFile; fileRef = 8F2B93C42B0F74E4004B594D /* UserDefaltClass.swift */; };
		8F2B93D02B11FC08004B594D /* APIHander.swift in Sources */ = {isa = PBXBuildFile; fileRef = 8F2B93CF2B11FC08004B594D /* APIHander.swift */; };
		8F2B93D22B137417004B594D /* AppStateManager.swift in Sources */ = {isa = PBXBuildFile; fileRef = 8F2B93D12B137417004B594D /* AppStateManager.swift */; };
		8F2B93D42B14AB95004B594D /* AlertManager.swift in Sources */ = {isa = PBXBuildFile; fileRef = 8F2B93D32B14AB95004B594D /* AlertManager.swift */; };
		8F2B93D62B15CEA8004B594D /* test1.mp4 in Resources */ = {isa = PBXBuildFile; fileRef = 8F2B93D52B15CEA7004B594D /* test1.mp4 */; };
		8F2B93D92B17155B004B594D /* aTableViewCell.swift in Sources */ = {isa = PBXBuildFile; fileRef = 8F2B93D72B17155A004B594D /* aTableViewCell.swift */; };
		8F2B93DA2B17155B004B594D /* aTableViewCell.xib in Resources */ = {isa = PBXBuildFile; fileRef = 8F2B93D82B17155A004B594D /* aTableViewCell.xib */; };
		8F2B93DD2B171B03004B594D /* MediaListViewController.swift in Sources */ = {isa = PBXBuildFile; fileRef = 8F2B93DB2B171B03004B594D /* MediaListViewController.swift */; };
		8F2B93DE2B171B03004B594D /* MediaListViewController.xib in Resources */ = {isa = PBXBuildFile; fileRef = 8F2B93DC2B171B03004B594D /* MediaListViewController.xib */; };
		8F2B93E12B171B88004B594D /* MediaListTableViewCell.swift in Sources */ = {isa = PBXBuildFile; fileRef = 8F2B93DF2B171B88004B594D /* MediaListTableViewCell.swift */; };
		8F2B93E22B171B88004B594D /* MediaListTableViewCell.xib in Resources */ = {isa = PBXBuildFile; fileRef = 8F2B93E02B171B88004B594D /* MediaListTableViewCell.xib */; };
		8F2B93E72B1747CE004B594D /* MediaDetailsViewController.swift in Sources */ = {isa = PBXBuildFile; fileRef = 8F2B93E52B1747CE004B594D /* MediaDetailsViewController.swift */; };
		8F2B93E82B1747CE004B594D /* MediaDetailsViewController.xib in Resources */ = {isa = PBXBuildFile; fileRef = 8F2B93E62B1747CE004B594D /* MediaDetailsViewController.xib */; };
		8F2B93EF2B1876DC004B594D /* Alamofire in Frameworks */ = {isa = PBXBuildFile; productRef = 8F2B93EE2B1876DC004B594D /* Alamofire */; };
		8F76DF002B068F7500693365 /* AppDelegate.swift in Sources */ = {isa = PBXBuildFile; fileRef = 8F76DEFF2B068F7500693365 /* AppDelegate.swift */; };
		8F76DF022B068F7500693365 /* SceneDelegate.swift in Sources */ = {isa = PBXBuildFile; fileRef = 8F76DF012B068F7500693365 /* SceneDelegate.swift */; };
		8F76DF042B068F7500693365 /* ViewController.swift in Sources */ = {isa = PBXBuildFile; fileRef = 8F76DF032B068F7500693365 /* ViewController.swift */; };
		8F76DF072B068F7500693365 /* Main.storyboard in Resources */ = {isa = PBXBuildFile; fileRef = 8F76DF052B068F7500693365 /* Main.storyboard */; };
		8F76DF092B068F7700693365 /* Assets.xcassets in Resources */ = {isa = PBXBuildFile; fileRef = 8F76DF082B068F7700693365 /* Assets.xcassets */; };
		8F76DF0C2B068F7700693365 /* LaunchScreen.storyboard in Resources */ = {isa = PBXBuildFile; fileRef = 8F76DF0A2B068F7700693365 /* LaunchScreen.storyboard */; };
		8F76DF152B07622B00693365 /* BaseViewController.swift in Sources */ = {isa = PBXBuildFile; fileRef = 8F76DF142B07622B00693365 /* BaseViewController.swift */; };
		8F76DF1C2B07624D00693365 /* FilePathHelperClass.swift in Sources */ = {isa = PBXBuildFile; fileRef = 8F76DF192B07624D00693365 /* FilePathHelperClass.swift */; };
		8F76DF1D2B07624D00693365 /* HelperClass.swift in Sources */ = {isa = PBXBuildFile; fileRef = 8F76DF1A2B07624D00693365 /* HelperClass.swift */; };
		8F76DF1E2B07624D00693365 /* ExtentionClass.swift in Sources */ = {isa = PBXBuildFile; fileRef = 8F76DF1B2B07624D00693365 /* ExtentionClass.swift */; };
		8F76DF212B07629B00693365 /* MediaViewController.swift in Sources */ = {isa = PBXBuildFile; fileRef = 8F76DF1F2B07629B00693365 /* MediaViewController.swift */; };
		8F76DF222B07629B00693365 /* MediaViewController.xib in Resources */ = {isa = PBXBuildFile; fileRef = 8F76DF202B07629B00693365 /* MediaViewController.xib */; };
		8F76DF242B07665D00693365 /* AttachmentHandler.swift in Sources */ = {isa = PBXBuildFile; fileRef = 8F76DF232B07665D00693365 /* AttachmentHandler.swift */; };
		8F76DF262B076F6200693365 /* MediaFileHandler.swift in Sources */ = {isa = PBXBuildFile; fileRef = 8F76DF252B076F6200693365 /* MediaFileHandler.swift */; };
		8F76DF282B076FF700693365 /* StructureClass.swift in Sources */ = {isa = PBXBuildFile; fileRef = 8F76DF272B076FF700693365 /* StructureClass.swift */; };
		8F76DF2C2B089F6E00693365 /* EnumClass.swift in Sources */ = {isa = PBXBuildFile; fileRef = 8F76DF2B2B089F6E00693365 /* EnumClass.swift */; };
		8F76DF312B08AE4E00693365 /* AlamofireWebserviceClass.swift in Sources */ = {isa = PBXBuildFile; fileRef = 8F76DF302B08AE4E00693365 /* AlamofireWebserviceClass.swift */; };
/* End PBXBuildFile section */

/* Begin PBXFileReference section */
		8F2B93C42B0F74E4004B594D /* UserDefaltClass.swift */ = {isa = PBXFileReference; lastKnownFileType = sourcecode.swift; path = UserDefaltClass.swift; sourceTree = "<group>"; };
		8F2B93CF2B11FC08004B594D /* APIHander.swift */ = {isa = PBXFileReference; lastKnownFileType = sourcecode.swift; path = APIHander.swift; sourceTree = "<group>"; };
		8F2B93D12B137417004B594D /* AppStateManager.swift */ = {isa = PBXFileReference; lastKnownFileType = sourcecode.swift; path = AppStateManager.swift; sourceTree = "<group>"; };
		8F2B93D32B14AB95004B594D /* AlertManager.swift */ = {isa = PBXFileReference; lastKnownFileType = sourcecode.swift; path = AlertManager.swift; sourceTree = "<group>"; };
		8F2B93D52B15CEA7004B594D /* test1.mp4 */ = {isa = PBXFileReference; lastKnownFileType = file; path = test1.mp4; sourceTree = "<group>"; };
		8F2B93D72B17155A004B594D /* aTableViewCell.swift */ = {isa = PBXFileReference; lastKnownFileType = sourcecode.swift; path = aTableViewCell.swift; sourceTree = "<group>"; };
		8F2B93D82B17155A004B594D /* aTableViewCell.xib */ = {isa = PBXFileReference; lastKnownFileType = file.xib; path = aTableViewCell.xib; sourceTree = "<group>"; };
		8F2B93DB2B171B03004B594D /* MediaListViewController.swift */ = {isa = PBXFileReference; lastKnownFileType = sourcecode.swift; path = MediaListViewController.swift; sourceTree = "<group>"; };
		8F2B93DC2B171B03004B594D /* MediaListViewController.xib */ = {isa = PBXFileReference; lastKnownFileType = file.xib; path = MediaListViewController.xib; sourceTree = "<group>"; };
		8F2B93DF2B171B88004B594D /* MediaListTableViewCell.swift */ = {isa = PBXFileReference; lastKnownFileType = sourcecode.swift; path = MediaListTableViewCell.swift; sourceTree = "<group>"; };
		8F2B93E02B171B88004B594D /* MediaListTableViewCell.xib */ = {isa = PBXFileReference; lastKnownFileType = file.xib; path = MediaListTableViewCell.xib; sourceTree = "<group>"; };
		8F2B93E52B1747CE004B594D /* MediaDetailsViewController.swift */ = {isa = PBXFileReference; lastKnownFileType = sourcecode.swift; path = MediaDetailsViewController.swift; sourceTree = "<group>"; };
		8F2B93E62B1747CE004B594D /* MediaDetailsViewController.xib */ = {isa = PBXFileReference; lastKnownFileType = file.xib; path = MediaDetailsViewController.xib; sourceTree = "<group>"; };
		8F76DEFC2B068F7500693365 /* TekonNewPOC.app */ = {isa = PBXFileReference; explicitFileType = wrapper.application; includeInIndex = 0; path = TekonNewPOC.app; sourceTree = BUILT_PRODUCTS_DIR; };
		8F76DEFF2B068F7500693365 /* AppDelegate.swift */ = {isa = PBXFileReference; lastKnownFileType = sourcecode.swift; path = AppDelegate.swift; sourceTree = "<group>"; };
		8F76DF012B068F7500693365 /* SceneDelegate.swift */ = {isa = PBXFileReference; lastKnownFileType = sourcecode.swift; path = SceneDelegate.swift; sourceTree = "<group>"; };
		8F76DF032B068F7500693365 /* ViewController.swift */ = {isa = PBXFileReference; lastKnownFileType = sourcecode.swift; path = ViewController.swift; sourceTree = "<group>"; };
		8F76DF062B068F7500693365 /* Base */ = {isa = PBXFileReference; lastKnownFileType = file.storyboard; name = Base; path = Base.lproj/Main.storyboard; sourceTree = "<group>"; };
		8F76DF082B068F7700693365 /* Assets.xcassets */ = {isa = PBXFileReference; lastKnownFileType = folder.assetcatalog; path = Assets.xcassets; sourceTree = "<group>"; };
		8F76DF0B2B068F7700693365 /* Base */ = {isa = PBXFileReference; lastKnownFileType = file.storyboard; name = Base; path = Base.lproj/LaunchScreen.storyboard; sourceTree = "<group>"; };
		8F76DF0D2B068F7700693365 /* Info.plist */ = {isa = PBXFileReference; lastKnownFileType = text.plist.xml; path = Info.plist; sourceTree = "<group>"; };
		8F76DF142B07622B00693365 /* BaseViewController.swift */ = {isa = PBXFileReference; fileEncoding = 4; lastKnownFileType = sourcecode.swift; path = BaseViewController.swift; sourceTree = "<group>"; };
		8F76DF192B07624D00693365 /* FilePathHelperClass.swift */ = {isa = PBXFileReference; fileEncoding = 4; lastKnownFileType = sourcecode.swift; path = FilePathHelperClass.swift; sourceTree = "<group>"; };
		8F76DF1A2B07624D00693365 /* HelperClass.swift */ = {isa = PBXFileReference; fileEncoding = 4; lastKnownFileType = sourcecode.swift; path = HelperClass.swift; sourceTree = "<group>"; };
		8F76DF1B2B07624D00693365 /* ExtentionClass.swift */ = {isa = PBXFileReference; fileEncoding = 4; lastKnownFileType = sourcecode.swift; path = ExtentionClass.swift; sourceTree = "<group>"; };
		8F76DF1F2B07629B00693365 /* MediaViewController.swift */ = {isa = PBXFileReference; lastKnownFileType = sourcecode.swift; path = MediaViewController.swift; sourceTree = "<group>"; };
		8F76DF202B07629B00693365 /* MediaViewController.xib */ = {isa = PBXFileReference; lastKnownFileType = file.xib; path = MediaViewController.xib; sourceTree = "<group>"; };
		8F76DF232B07665D00693365 /* AttachmentHandler.swift */ = {isa = PBXFileReference; fileEncoding = 4; lastKnownFileType = sourcecode.swift; path = AttachmentHandler.swift; sourceTree = "<group>"; };
		8F76DF252B076F6200693365 /* MediaFileHandler.swift */ = {isa = PBXFileReference; lastKnownFileType = sourcecode.swift; path = MediaFileHandler.swift; sourceTree = "<group>"; };
		8F76DF272B076FF700693365 /* StructureClass.swift */ = {isa = PBXFileReference; lastKnownFileType = sourcecode.swift; path = StructureClass.swift; sourceTree = "<group>"; };
		8F76DF2B2B089F6E00693365 /* EnumClass.swift */ = {isa = PBXFileReference; lastKnownFileType = sourcecode.swift; path = EnumClass.swift; sourceTree = "<group>"; };
		8F76DF302B08AE4E00693365 /* AlamofireWebserviceClass.swift */ = {isa = PBXFileReference; lastKnownFileType = sourcecode.swift; path = AlamofireWebserviceClass.swift; sourceTree = "<group>"; };
/* End PBXFileReference section */

/* Begin PBXFrameworksBuildPhase section */
		8F76DEF92B068F7500693365 /* Frameworks */ = {
			isa = PBXFrameworksBuildPhase;
			buildActionMask = 2147483647;
			files = (
				8F2B93EF2B1876DC004B594D /* Alamofire in Frameworks */,
			);
			runOnlyForDeploymentPostprocessing = 0;
		};
/* End PBXFrameworksBuildPhase section */

/* Begin PBXGroup section */
		8F2B93E32B171EC1004B594D /* ListMedia */ = {
			isa = PBXGroup;
			children = (
				8F2B93DB2B171B03004B594D /* MediaListViewController.swift */,
				8F2B93DC2B171B03004B594D /* MediaListViewController.xib */,
				8F2B93DF2B171B88004B594D /* MediaListTableViewCell.swift */,
				8F2B93E02B171B88004B594D /* MediaListTableViewCell.xib */,
			);
			path = ListMedia;
			sourceTree = "<group>";
		};
		8F2B93E42B17478E004B594D /* MediaDetails */ = {
			isa = PBXGroup;
			children = (
				8F2B93E52B1747CE004B594D /* MediaDetailsViewController.swift */,
				8F2B93E62B1747CE004B594D /* MediaDetailsViewController.xib */,
			);
			path = MediaDetails;
			sourceTree = "<group>";
		};
		8F76DEF32B068F7500693365 = {
			isa = PBXGroup;
			children = (
				8F76DEFE2B068F7500693365 /* TekonNewPOC */,
				8F76DEFD2B068F7500693365 /* Products */,
			);
			sourceTree = "<group>";
		};
		8F76DEFD2B068F7500693365 /* Products */ = {
			isa = PBXGroup;
			children = (
				8F76DEFC2B068F7500693365 /* TekonNewPOC.app */,
			);
			name = Products;
			sourceTree = "<group>";
		};
		8F76DEFE2B068F7500693365 /* TekonNewPOC */ = {
			isa = PBXGroup;
			children = (
				8F76DEFF2B068F7500693365 /* AppDelegate.swift */,
				8F76DF012B068F7500693365 /* SceneDelegate.swift */,
				8F76DF032B068F7500693365 /* ViewController.swift */,
				8F76DF052B068F7500693365 /* Main.storyboard */,
				8F76DF132B07622B00693365 /* BaseViewController */,
				8F76DF162B07623800693365 /* ViewController */,
				8F76DF182B07624D00693365 /* Helper */,
				8F76DF172B07624300693365 /* Model */,
				8F76DF082B068F7700693365 /* Assets.xcassets */,
				8F76DF0A2B068F7700693365 /* LaunchScreen.storyboard */,
				8F76DF0D2B068F7700693365 /* Info.plist */,
				8F2B93D52B15CEA7004B594D /* test1.mp4 */,
			);
			path = TekonNewPOC;
			sourceTree = "<group>";
		};
		8F76DF132B07622B00693365 /* BaseViewController */ = {
			isa = PBXGroup;
			children = (
				8F76DF142B07622B00693365 /* BaseViewController.swift */,
			);
			path = BaseViewController;
			sourceTree = "<group>";
		};
		8F76DF162B07623800693365 /* ViewController */ = {
			isa = PBXGroup;
			children = (
				8F2B93E32B171EC1004B594D /* ListMedia */,
				8F2B93E42B17478E004B594D /* MediaDetails */,
				8F76DF1F2B07629B00693365 /* MediaViewController.swift */,
				8F76DF202B07629B00693365 /* MediaViewController.xib */,
				8F2B93D72B17155A004B594D /* aTableViewCell.swift */,
				8F2B93D82B17155A004B594D /* aTableViewCell.xib */,
			);
			path = ViewController;
			sourceTree = "<group>";
		};
		8F76DF172B07624300693365 /* Model */ = {
			isa = PBXGroup;
			children = (
				8F2B93C42B0F74E4004B594D /* UserDefaltClass.swift */,
				8F2B93D12B137417004B594D /* AppStateManager.swift */,
				8F2B93D32B14AB95004B594D /* AlertManager.swift */,
				8F76DF232B07665D00693365 /* AttachmentHandler.swift */,
				8F76DF252B076F6200693365 /* MediaFileHandler.swift */,
				8F2B93CF2B11FC08004B594D /* APIHander.swift */,
				8F76DF302B08AE4E00693365 /* AlamofireWebserviceClass.swift */,
			);
			path = Model;
			sourceTree = "<group>";
		};
		8F76DF182B07624D00693365 /* Helper */ = {
			isa = PBXGroup;
			children = (
				8F76DF192B07624D00693365 /* FilePathHelperClass.swift */,
				8F76DF1A2B07624D00693365 /* HelperClass.swift */,
				8F76DF1B2B07624D00693365 /* ExtentionClass.swift */,
				8F76DF272B076FF700693365 /* StructureClass.swift */,
				8F76DF2B2B089F6E00693365 /* EnumClass.swift */,
			);
			path = Helper;
			sourceTree = "<group>";
		};
/* End PBXGroup section */

/* Begin PBXNativeTarget section */
		8F76DEFB2B068F7500693365 /* TekonNewPOC */ = {
			isa = PBXNativeTarget;
			buildConfigurationList = 8F76DF102B068F7700693365 /* Build configuration list for PBXNativeTarget "TekonNewPOC" */;
			buildPhases = (
				8F76DEF82B068F7500693365 /* Sources */,
				8F76DEF92B068F7500693365 /* Frameworks */,
				8F76DEFA2B068F7500693365 /* Resources */,
			);
			buildRules = (
			);
			dependencies = (
				8F2B93F12B1876E8004B594D /* PBXTargetDependency */,
			);
			name = TekonNewPOC;
			packageProductDependencies = (
				8F2B93EE2B1876DC004B594D /* Alamofire */,
			);
			productName = TekonNewPOC;
			productReference = 8F76DEFC2B068F7500693365 /* TekonNewPOC.app */;
			productType = "com.apple.product-type.application";
		};
/* End PBXNativeTarget section */

/* Begin PBXProject section */
		8F76DEF42B068F7500693365 /* Project object */ = {
			isa = PBXProject;
			attributes = {
				BuildIndependentTargetsInParallel = 1;
				LastSwiftUpdateCheck = 1310;
				LastUpgradeCheck = 1310;
				TargetAttributes = {
					8F76DEFB2B068F7500693365 = {
						CreatedOnToolsVersion = 13.1;
					};
				};
			};
			buildConfigurationList = 8F76DEF72B068F7500693365 /* Build configuration list for PBXProject "TekonNewPOC" */;
			compatibilityVersion = "Xcode 13.0";
			developmentRegion = en;
			hasScannedForEncodings = 0;
			knownRegions = (
				en,
				Base,
			);
			mainGroup = 8F76DEF32B068F7500693365;
			packageReferences = (
				8F2B93ED2B1876DC004B594D /* XCRemoteSwiftPackageReference "Alamofire" */,
			);
			productRefGroup = 8F76DEFD2B068F7500693365 /* Products */;
			projectDirPath = "";
			projectRoot = "";
			targets = (
				8F76DEFB2B068F7500693365 /* TekonNewPOC */,
			);
		};
/* End PBXProject section */

/* Begin PBXResourcesBuildPhase section */
		8F76DEFA2B068F7500693365 /* Resources */ = {
			isa = PBXResourcesBuildPhase;
			buildActionMask = 2147483647;
			files = (
				8F76DF0C2B068F7700693365 /* LaunchScreen.storyboard in Resources */,
				8F2B93D62B15CEA8004B594D /* test1.mp4 in Resources */,
				8F2B93E22B171B88004B594D /* MediaListTableViewCell.xib in Resources */,
				8F76DF092B068F7700693365 /* Assets.xcassets in Resources */,
				8F2B93DA2B17155B004B594D /* aTableViewCell.xib in Resources */,
				8F2B93E82B1747CE004B594D /* MediaDetailsViewController.xib in Resources */,
				8F2B93DE2B171B03004B594D /* MediaListViewController.xib in Resources */,
				8F76DF072B068F7500693365 /* Main.storyboard in Resources */,
				8F76DF222B07629B00693365 /* MediaViewController.xib in Resources */,
			);
			runOnlyForDeploymentPostprocessing = 0;
		};
/* End PBXResourcesBuildPhase section */

/* Begin PBXSourcesBuildPhase section */
		8F76DEF82B068F7500693365 /* Sources */ = {
			isa = PBXSourcesBuildPhase;
			buildActionMask = 2147483647;
			files = (
				8F76DF312B08AE4E00693365 /* AlamofireWebserviceClass.swift in Sources */,
				8F2B93D92B17155B004B594D /* aTableViewCell.swift in Sources */,
				8F2B93E12B171B88004B594D /* MediaListTableViewCell.swift in Sources */,
				8F2B93DD2B171B03004B594D /* MediaListViewController.swift in Sources */,
				8F2B93D42B14AB95004B594D /* AlertManager.swift in Sources */,
				8F76DF1E2B07624D00693365 /* ExtentionClass.swift in Sources */,
				8F76DF1D2B07624D00693365 /* HelperClass.swift in Sources */,
				8F76DF042B068F7500693365 /* ViewController.swift in Sources */,
				8F76DF212B07629B00693365 /* MediaViewController.swift in Sources */,
				8F2B93D02B11FC08004B594D /* APIHander.swift in Sources */,
				8F2B93C52B0F74E4004B594D /* UserDefaltClass.swift in Sources */,
				8F76DF2C2B089F6E00693365 /* EnumClass.swift in Sources */,
				8F76DF282B076FF700693365 /* StructureClass.swift in Sources */,
				8F76DF152B07622B00693365 /* BaseViewController.swift in Sources */,
				8F2B93E72B1747CE004B594D /* MediaDetailsViewController.swift in Sources */,
				8F76DF1C2B07624D00693365 /* FilePathHelperClass.swift in Sources */,
				8F76DF002B068F7500693365 /* AppDelegate.swift in Sources */,
				8F76DF262B076F6200693365 /* MediaFileHandler.swift in Sources */,
				8F2B93D22B137417004B594D /* AppStateManager.swift in Sources */,
				8F76DF242B07665D00693365 /* AttachmentHandler.swift in Sources */,
				8F76DF022B068F7500693365 /* SceneDelegate.swift in Sources */,
			);
			runOnlyForDeploymentPostprocessing = 0;
		};
/* End PBXSourcesBuildPhase section */

/* Begin PBXTargetDependency section */
		8F2B93F12B1876E8004B594D /* PBXTargetDependency */ = {
			isa = PBXTargetDependency;
			productRef = 8F2B93F02B1876E8004B594D /* Alamofire */;
		};
/* End PBXTargetDependency section */

/* Begin PBXVariantGroup section */
		8F76DF052B068F7500693365 /* Main.storyboard */ = {
			isa = PBXVariantGroup;
			children = (
				8F76DF062B068F7500693365 /* Base */,
			);
			name = Main.storyboard;
			sourceTree = "<group>";
		};
		8F76DF0A2B068F7700693365 /* LaunchScreen.storyboard */ = {
			isa = PBXVariantGroup;
			children = (
				8F76DF0B2B068F7700693365 /* Base */,
			);
			name = LaunchScreen.storyboard;
			sourceTree = "<group>";
		};
/* End PBXVariantGroup section */

/* Begin XCBuildConfiguration section */
		8F76DF0E2B068F7700693365 /* Debug */ = {
			isa = XCBuildConfiguration;
			buildSettings = {
				ALWAYS_SEARCH_USER_PATHS = NO;
				CLANG_ANALYZER_NONNULL = YES;
				CLANG_ANALYZER_NUMBER_OBJECT_CONVERSION = YES_AGGRESSIVE;
				CLANG_CXX_LANGUAGE_STANDARD = "gnu++17";
				CLANG_CXX_LIBRARY = "libc++";
				CLANG_ENABLE_MODULES = YES;
				CLANG_ENABLE_OBJC_ARC = YES;
				CLANG_ENABLE_OBJC_WEAK = YES;
				CLANG_WARN_BLOCK_CAPTURE_AUTORELEASING = YES;
				CLANG_WARN_BOOL_CONVERSION = YES;
				CLANG_WARN_COMMA = YES;
				CLANG_WARN_CONSTANT_CONVERSION = YES;
				CLANG_WARN_DEPRECATED_OBJC_IMPLEMENTATIONS = YES;
				CLANG_WARN_DIRECT_OBJC_ISA_USAGE = YES_ERROR;
				CLANG_WARN_DOCUMENTATION_COMMENTS = YES;
				CLANG_WARN_EMPTY_BODY = YES;
				CLANG_WARN_ENUM_CONVERSION = YES;
				CLANG_WARN_INFINITE_RECURSION = YES;
				CLANG_WARN_INT_CONVERSION = YES;
				CLANG_WARN_NON_LITERAL_NULL_CONVERSION = YES;
				CLANG_WARN_OBJC_IMPLICIT_RETAIN_SELF = YES;
				CLANG_WARN_OBJC_LITERAL_CONVERSION = YES;
				CLANG_WARN_OBJC_ROOT_CLASS = YES_ERROR;
				CLANG_WARN_QUOTED_INCLUDE_IN_FRAMEWORK_HEADER = YES;
				CLANG_WARN_RANGE_LOOP_ANALYSIS = YES;
				CLANG_WARN_STRICT_PROTOTYPES = YES;
				CLANG_WARN_SUSPICIOUS_MOVE = YES;
				CLANG_WARN_UNGUARDED_AVAILABILITY = YES_AGGRESSIVE;
				CLANG_WARN_UNREACHABLE_CODE = YES;
				CLANG_WARN__DUPLICATE_METHOD_MATCH = YES;
				COPY_PHASE_STRIP = NO;
				DEBUG_INFORMATION_FORMAT = dwarf;
				ENABLE_STRICT_OBJC_MSGSEND = YES;
				ENABLE_TESTABILITY = YES;
				GCC_C_LANGUAGE_STANDARD = gnu11;
				GCC_DYNAMIC_NO_PIC = NO;
				GCC_NO_COMMON_BLOCKS = YES;
				GCC_OPTIMIZATION_LEVEL = 0;
				GCC_PREPROCESSOR_DEFINITIONS = (
					"DEBUG=1",
					"$(inherited)",
				);
				GCC_WARN_64_TO_32_BIT_CONVERSION = YES;
				GCC_WARN_ABOUT_RETURN_TYPE = YES_ERROR;
				GCC_WARN_UNDECLARED_SELECTOR = YES;
				GCC_WARN_UNINITIALIZED_AUTOS = YES_AGGRESSIVE;
				GCC_WARN_UNUSED_FUNCTION = YES;
				GCC_WARN_UNUSED_VARIABLE = YES;
				IPHONEOS_DEPLOYMENT_TARGET = 15.0;
				MTL_ENABLE_DEBUG_INFO = INCLUDE_SOURCE;
				MTL_FAST_MATH = YES;
				ONLY_ACTIVE_ARCH = YES;
				SDKROOT = iphoneos;
				SWIFT_ACTIVE_COMPILATION_CONDITIONS = DEBUG;
				SWIFT_OPTIMIZATION_LEVEL = "-Onone";
			};
			name = Debug;
		};
		8F76DF0F2B068F7700693365 /* Release */ = {
			isa = XCBuildConfiguration;
			buildSettings = {
				ALWAYS_SEARCH_USER_PATHS = NO;
				CLANG_ANALYZER_NONNULL = YES;
				CLANG_ANALYZER_NUMBER_OBJECT_CONVERSION = YES_AGGRESSIVE;
				CLANG_CXX_LANGUAGE_STANDARD = "gnu++17";
				CLANG_CXX_LIBRARY = "libc++";
				CLANG_ENABLE_MODULES = YES;
				CLANG_ENABLE_OBJC_ARC = YES;
				CLANG_ENABLE_OBJC_WEAK = YES;
				CLANG_WARN_BLOCK_CAPTURE_AUTORELEASING = YES;
				CLANG_WARN_BOOL_CONVERSION = YES;
				CLANG_WARN_COMMA = YES;
				CLANG_WARN_CONSTANT_CONVERSION = YES;
				CLANG_WARN_DEPRECATED_OBJC_IMPLEMENTATIONS = YES;
				CLANG_WARN_DIRECT_OBJC_ISA_USAGE = YES_ERROR;
				CLANG_WARN_DOCUMENTATION_COMMENTS = YES;
				CLANG_WARN_EMPTY_BODY = YES;
				CLANG_WARN_ENUM_CONVERSION = YES;
				CLANG_WARN_INFINITE_RECURSION = YES;
				CLANG_WARN_INT_CONVERSION = YES;
				CLANG_WARN_NON_LITERAL_NULL_CONVERSION = YES;
				CLANG_WARN_OBJC_IMPLICIT_RETAIN_SELF = YES;
				CLANG_WARN_OBJC_LITERAL_CONVERSION = YES;
				CLANG_WARN_OBJC_ROOT_CLASS = YES_ERROR;
				CLANG_WARN_QUOTED_INCLUDE_IN_FRAMEWORK_HEADER = YES;
				CLANG_WARN_RANGE_LOOP_ANALYSIS = YES;
				CLANG_WARN_STRICT_PROTOTYPES = YES;
				CLANG_WARN_SUSPICIOUS_MOVE = YES;
				CLANG_WARN_UNGUARDED_AVAILABILITY = YES_AGGRESSIVE;
				CLANG_WARN_UNREACHABLE_CODE = YES;
				CLANG_WARN__DUPLICATE_METHOD_MATCH = YES;
				COPY_PHASE_STRIP = NO;
				DEBUG_INFORMATION_FORMAT = "dwarf-with-dsym";
				ENABLE_NS_ASSERTIONS = NO;
				ENABLE_STRICT_OBJC_MSGSEND = YES;
				GCC_C_LANGUAGE_STANDARD = gnu11;
				GCC_NO_COMMON_BLOCKS = YES;
				GCC_WARN_64_TO_32_BIT_CONVERSION = YES;
				GCC_WARN_ABOUT_RETURN_TYPE = YES_ERROR;
				GCC_WARN_UNDECLARED_SELECTOR = YES;
				GCC_WARN_UNINITIALIZED_AUTOS = YES_AGGRESSIVE;
				GCC_WARN_UNUSED_FUNCTION = YES;
				GCC_WARN_UNUSED_VARIABLE = YES;
				IPHONEOS_DEPLOYMENT_TARGET = 15.0;
				MTL_ENABLE_DEBUG_INFO = NO;
				MTL_FAST_MATH = YES;
				SDKROOT = iphoneos;
				SWIFT_COMPILATION_MODE = wholemodule;
				SWIFT_OPTIMIZATION_LEVEL = "-O";
				VALIDATE_PRODUCT = YES;
			};
			name = Release;
		};
		8F76DF112B068F7700693365 /* Debug */ = {
			isa = XCBuildConfiguration;
			buildSettings = {
				ASSETCATALOG_COMPILER_APPICON_NAME = AppIcon;
				ASSETCATALOG_COMPILER_GLOBAL_ACCENT_COLOR_NAME = AccentColor;
				CODE_SIGN_IDENTITY = "iPhone Developer";
				CODE_SIGN_STYLE = Manual;
				CURRENT_PROJECT_VERSION = 1;
				DEVELOPMENT_TEAM = J399Y4NJ6K;
				GENERATE_INFOPLIST_FILE = YES;
				INFOPLIST_FILE = TekonNewPOC/Info.plist;
				INFOPLIST_KEY_NSAppleMusicUsageDescription = "Use Media";
				INFOPLIST_KEY_NSCameraUsageDescription = "Use Camera";
				INFOPLIST_KEY_NSMicrophoneUsageDescription = "Use MicroPhone";
				INFOPLIST_KEY_NSPhotoLibraryUsageDescription = "Use Camera";
				INFOPLIST_KEY_UIApplicationSupportsIndirectInputEvents = YES;
				INFOPLIST_KEY_UILaunchStoryboardName = LaunchScreen;
				INFOPLIST_KEY_UIMainStoryboardFile = Main;
				INFOPLIST_KEY_UISupportedInterfaceOrientations_iPad = "UIInterfaceOrientationPortrait UIInterfaceOrientationPortraitUpsideDown UIInterfaceOrientationLandscapeLeft UIInterfaceOrientationLandscapeRight";
				INFOPLIST_KEY_UISupportedInterfaceOrientations_iPhone = "UIInterfaceOrientationPortrait UIInterfaceOrientationLandscapeLeft UIInterfaceOrientationLandscapeRight";
				LD_RUNPATH_SEARCH_PATHS = (
					"$(inherited)",
					"@executable_path/Frameworks",
				);
				MARKETING_VERSION = 1.0;
				PRODUCT_BUNDLE_IDENTIFIER = hind.tech.group.tekonnewspoc;
				PRODUCT_NAME = "$(TARGET_NAME)";
				PROVISIONING_PROFILE_SPECIFIER = "Video File Upload POC dev";
				SWIFT_EMIT_LOC_STRINGS = YES;
				SWIFT_VERSION = 5.0;
				TARGETED_DEVICE_FAMILY = 1;
			};
			name = Debug;
		};
		8F76DF122B068F7700693365 /* Release */ = {
			isa = XCBuildConfiguration;
			buildSettings = {
				ASSETCATALOG_COMPILER_APPICON_NAME = AppIcon;
				ASSETCATALOG_COMPILER_GLOBAL_ACCENT_COLOR_NAME = AccentColor;
				CODE_SIGN_IDENTITY = "iPhone Developer";
				CODE_SIGN_STYLE = Manual;
				CURRENT_PROJECT_VERSION = 1;
				DEVELOPMENT_TEAM = J399Y4NJ6K;
				GENERATE_INFOPLIST_FILE = YES;
				INFOPLIST_FILE = TekonNewPOC/Info.plist;
				INFOPLIST_KEY_NSAppleMusicUsageDescription = "Use Media";
				INFOPLIST_KEY_NSCameraUsageDescription = "Use Camera";
				INFOPLIST_KEY_NSMicrophoneUsageDescription = "Use MicroPhone";
				INFOPLIST_KEY_NSPhotoLibraryUsageDescription = "Use Camera";
				INFOPLIST_KEY_UIApplicationSupportsIndirectInputEvents = YES;
				INFOPLIST_KEY_UILaunchStoryboardName = LaunchScreen;
				INFOPLIST_KEY_UIMainStoryboardFile = Main;
				INFOPLIST_KEY_UISupportedInterfaceOrientations_iPad = "UIInterfaceOrientationPortrait UIInterfaceOrientationPortraitUpsideDown UIInterfaceOrientationLandscapeLeft UIInterfaceOrientationLandscapeRight";
				INFOPLIST_KEY_UISupportedInterfaceOrientations_iPhone = "UIInterfaceOrientationPortrait UIInterfaceOrientationLandscapeLeft UIInterfaceOrientationLandscapeRight";
				LD_RUNPATH_SEARCH_PATHS = (
					"$(inherited)",
					"@executable_path/Frameworks",
				);
				MARKETING_VERSION = 1.0;
				PRODUCT_BUNDLE_IDENTIFIER = hind.tech.group.tekonnewspoc;
				PRODUCT_NAME = "$(TARGET_NAME)";
				PROVISIONING_PROFILE_SPECIFIER = "Video File Upload POC dev";
				SWIFT_EMIT_LOC_STRINGS = YES;
				SWIFT_VERSION = 5.0;
				TARGETED_DEVICE_FAMILY = 1;
			};
			name = Release;
		};
/* End XCBuildConfiguration section */

/* Begin XCConfigurationList section */
		8F76DEF72B068F7500693365 /* Build configuration list for PBXProject "TekonNewPOC" */ = {
			isa = XCConfigurationList;
			buildConfigurations = (
				8F76DF0E2B068F7700693365 /* Debug */,
				8F76DF0F2B068F7700693365 /* Release */,
			);
			defaultConfigurationIsVisible = 0;
			defaultConfigurationName = Release;
		};
		8F76DF102B068F7700693365 /* Build configuration list for PBXNativeTarget "TekonNewPOC" */ = {
			isa = XCConfigurationList;
			buildConfigurations = (
				8F76DF112B068F7700693365 /* Debug */,
				8F76DF122B068F7700693365 /* Release */,
			);
			defaultConfigurationIsVisible = 0;
			defaultConfigurationName = Release;
		};
/* End XCConfigurationList section */

/* Begin XCRemoteSwiftPackageReference section */
		8F2B93ED2B1876DC004B594D /* XCRemoteSwiftPackageReference "Alamofire" */ = {
			isa = XCRemoteSwiftPackageReference;
			repositoryURL = "https://github.com/Alamofire/Alamofire.git";
			requirement = {
				kind = upToNextMajorVersion;
				minimumVersion = 5.0.0;
			};
		};
/* End XCRemoteSwiftPackageReference section */

/* Begin XCSwiftPackageProductDependency section */
		8F2B93EE2B1876DC004B594D /* Alamofire */ = {
			isa = XCSwiftPackageProductDependency;
			package = 8F2B93ED2B1876DC004B594D /* XCRemoteSwiftPackageReference "Alamofire" */;
			productName = Alamofire;
		};
		8F2B93F02B1876E8004B594D /* Alamofire */ = {
			isa = XCSwiftPackageProductDependency;
			package = 8F2B93ED2B1876DC004B594D /* XCRemoteSwiftPackageReference "Alamofire" */;
			productName = Alamofire;
		};
/* End XCSwiftPackageProductDependency section */
	};
	rootObject = 8F76DEF42B068F7500693365 /* Project object */;
}
